Microsoft Visual Studio Solution File, Format Version 12.00
# Visual Studio Version 17
VisualStudioVersion = 17.5.2.0
MinimumVisualStudioVersion = 10.0.40219.1
Project("{FAE04EC0-301F-11D3-BF4B-00C04F79EFBC}") = "cidm4390-cyoa-alderaan", "cidm4390-cyoa-alderaan.csproj", "{2A7E848A-7AC4-530D-A3C8-9FA3153F1E4F}"
EndProject
Project("{FAE04EC0-301F-11D3-BF4B-00C04F79EFBC}") = "CYOATests", "CYOATests\CYOATests.csproj", "{F7A2FD9E-FEC5-2E32-9595-0A84A932CD11}"
EndProject
Global
	GlobalSection(SolutionConfigurationPlatforms) = preSolution
		Debug|Any CPU = Debug|Any CPU
		Release|Any CPU = Release|Any CPU
	EndGlobalSection
	GlobalSection(ProjectConfigurationPlatforms) = postSolution
		{2A7E848A-7AC4-530D-A3C8-9FA3153F1E4F}.Debug|Any CPU.ActiveCfg = Debug|Any CPU
		{2A7E848A-7AC4-530D-A3C8-9FA3153F1E4F}.Debug|Any CPU.Build.0 = Debug|Any CPU
		{2A7E848A-7AC4-530D-A3C8-9FA3153F1E4F}.Release|Any CPU.ActiveCfg = Release|Any CPU
		{2A7E848A-7AC4-530D-A3C8-9FA3153F1E4F}.Release|Any CPU.Build.0 = Release|Any CPU
		{F7A2FD9E-FEC5-2E32-9595-0A84A932CD11}.Debug|Any CPU.ActiveCfg = Debug|Any CPU
		{F7A2FD9E-FEC5-2E32-9595-0A84A932CD11}.Debug|Any CPU.Build.0 = Debug|Any CPU
		{F7A2FD9E-FEC5-2E32-9595-0A84A932CD11}.Release|Any CPU.ActiveCfg = Release|Any CPU
		{F7A2FD9E-FEC5-2E32-9595-0A84A932CD11}.Release|Any CPU.Build.0 = Release|Any CPU
	EndGlobalSection
	GlobalSection(SolutionProperties) = preSolution
		HideSolutionNode = FALSE
	EndGlobalSection
	GlobalSection(ExtensibilityGlobals) = postSolution
		SolutionGuid = {21CDD484-520A-4467-9936-2B406F6DA119}
	EndGlobalSection
EndGlobal
